
Microsoft Visual Studio Solution File, Format Version 12.00
# Visual Studio 14
VisualStudioVersion = 14.0.25420.1
MinimumVisualStudioVersion = 10.0.40219.1
Project("{FAE04EC0-301F-11D3-BF4B-00C04F79EFBC}") = "Desktop", "Desktop\Desktop.csproj", "{0ED8BA7E-FB1F-4738-B905-488FAC63281E}"
EndProject
Project("{FAE04EC0-301F-11D3-BF4B-00C04F79EFBC}") = "Commons", "Commons\Commons.csproj", "{59C381C4-3D96-4EB8-A997-F453AB210C15}"
EndProject
Project("{FAE04EC0-301F-11D3-BF4B-00C04F79EFBC}") = "DBProject", "DBProject\DBProject\DBProject.csproj", "{74168017-62F1-42CE-9CCC-818C925E9A58}"
EndProject
Project("{FAE04EC0-301F-11D3-BF4B-00C04F79EFBC}") = "Utilities", "Utilities\Utilities\Utilities.csproj", "{D4866D55-E5F1-4D86-A4EF-ABF31F6058A3}"
EndProject
Global
	GlobalSection(SolutionConfigurationPlatforms) = preSolution
		Debug|Any CPU = Debug|Any CPU
		Release|Any CPU = Release|Any CPU
	EndGlobalSection
	GlobalSection(ProjectConfigurationPlatforms) = postSolution
		{0ED8BA7E-FB1F-4738-B905-488FAC63281E}.Debug|Any CPU.ActiveCfg = Debug|Any CPU
		{0ED8BA7E-FB1F-4738-B905-488FAC63281E}.Debug|Any CPU.Build.0 = Debug|Any CPU
		{0ED8BA7E-FB1F-4738-B905-488FAC63281E}.Release|Any CPU.ActiveCfg = Release|Any CPU
		{0ED8BA7E-FB1F-4738-B905-488FAC63281E}.Release|Any CPU.Build.0 = Release|Any CPU
		{59C381C4-3D96-4EB8-A997-F453AB210C15}.Debug|Any CPU.ActiveCfg = Debug|Any CPU
		{59C381C4-3D96-4EB8-A997-F453AB210C15}.Debug|Any CPU.Build.0 = Debug|Any CPU
		{59C381C4-3D96-4EB8-A997-F453AB210C15}.Release|Any CPU.ActiveCfg = Release|Any CPU
		{59C381C4-3D96-4EB8-A997-F453AB210C15}.Release|Any CPU.Build.0 = Release|Any CPU
		{74168017-62F1-42CE-9CCC-818C925E9A58}.Debug|Any CPU.ActiveCfg = Debug|Any CPU
		{74168017-62F1-42CE-9CCC-818C925E9A58}.Debug|Any CPU.Build.0 = Debug|Any CPU
		{74168017-62F1-42CE-9CCC-818C925E9A58}.Release|Any CPU.ActiveCfg = Release|Any CPU
		{74168017-62F1-42CE-9CCC-818C925E9A58}.Release|Any CPU.Build.0 = Release|Any CPU
		{D4866D55-E5F1-4D86-A4EF-ABF31F6058A3}.Debug|Any CPU.ActiveCfg = Debug|Any CPU
		{D4866D55-E5F1-4D86-A4EF-ABF31F6058A3}.Debug|Any CPU.Build.0 = Debug|Any CPU
		{D4866D55-E5F1-4D86-A4EF-ABF31F6058A3}.Release|Any CPU.ActiveCfg = Release|Any CPU
		{D4866D55-E5F1-4D86-A4EF-ABF31F6058A3}.Release|Any CPU.Build.0 = Release|Any CPU
	EndGlobalSection
	GlobalSection(SolutionProperties) = preSolution
		HideSolutionNode = FALSE
	EndGlobalSection
EndGlobal
